
Microsoft Visual Studio Solution File, Format Version 12.00
# Visual Studio Version 17
VisualStudioVersion = 17.0.31903.59
MinimumVisualStudioVersion = 10.0.40219.1
Project("{FAE04EC0-301F-11D3-BF4B-00C04F79EFBC}") = "PrimeService", "PrimeService\PrimeService.csproj", "{EC824178-81D8-49D2-BBC2-6699FBB5627B}"
EndProject
Project("{FAE04EC0-301F-11D3-BF4B-00C04F79EFBC}") = "PrimeService.Tests", "PrimeService.Tests\PrimeService.Tests.csproj", "{9F2B5018-A99A-41CD-A3DA-F33DDC017FEE}"
EndProject
Global
	GlobalSection(SolutionConfigurationPlatforms) = preSolution
		Debug|Any CPU = Debug|Any CPU
		Release|Any CPU = Release|Any CPU
	EndGlobalSection
	GlobalSection(SolutionProperties) = preSolution
		HideSolutionNode = FALSE
	EndGlobalSection
	GlobalSection(ProjectConfigurationPlatforms) = postSolution
		{EC824178-81D8-49D2-BBC2-6699FBB5627B}.Debug|Any CPU.ActiveCfg = Debug|Any CPU
		{EC824178-81D8-49D2-BBC2-6699FBB5627B}.Debug|Any CPU.Build.0 = Debug|Any CPU
		{EC824178-81D8-49D2-BBC2-6699FBB5627B}.Release|Any CPU.ActiveCfg = Release|Any CPU
		{EC824178-81D8-49D2-BBC2-6699FBB5627B}.Release|Any CPU.Build.0 = Release|Any CPU
		{9F2B5018-A99A-41CD-A3DA-F33DDC017FEE}.Debug|Any CPU.ActiveCfg = Debug|Any CPU
		{9F2B5018-A99A-41CD-A3DA-F33DDC017FEE}.Debug|Any CPU.Build.0 = Debug|Any CPU
		{9F2B5018-A99A-41CD-A3DA-F33DDC017FEE}.Release|Any CPU.ActiveCfg = Release|Any CPU
		{9F2B5018-A99A-41CD-A3DA-F33DDC017FEE}.Release|Any CPU.Build.0 = Release|Any CPU
	EndGlobalSection
EndGlobal
