
Microsoft Visual Studio Solution File, Format Version 12.00
# Visual Studio Version 17
VisualStudioVersion = 17.9.34723.18
MinimumVisualStudioVersion = 10.0.40219.1
Project("{FAE04EC0-301F-11D3-BF4B-00C04F79EFBC}") = "GeneralSurvey", "GeneralSurvey.csproj", "{46BB462D-ECCB-4943-8FFF-A784576F610B}"
EndProject
Global
	GlobalSection(SolutionConfigurationPlatforms) = preSolution
		Debug|Any CPU = Debug|Any CPU
		Release|Any CPU = Release|Any CPU
	EndGlobalSection
	GlobalSection(ProjectConfigurationPlatforms) = postSolution
		{46BB462D-ECCB-4943-8FFF-A784576F610B}.Debug|Any CPU.ActiveCfg = Debug|Any CPU
		{46BB462D-ECCB-4943-8FFF-A784576F610B}.Debug|Any CPU.Build.0 = Debug|Any CPU
		{46BB462D-ECCB-4943-8FFF-A784576F610B}.Release|Any CPU.ActiveCfg = Release|Any CPU
		{46BB462D-ECCB-4943-8FFF-A784576F610B}.Release|Any CPU.Build.0 = Release|Any CPU
	EndGlobalSection
	GlobalSection(SolutionProperties) = preSolution
		HideSolutionNode = FALSE
	EndGlobalSection
	GlobalSection(ExtensibilityGlobals) = postSolution
		SolutionGuid = {44DDB554-4608-46F4-855D-99ADF0AC9E24}
	EndGlobalSection
EndGlobal
